# This file was autogenerated by Stack.
# You should not edit this file by hand.
# For more information, please see the documentation at:
#   https://docs.haskellstack.org/en/stable/lock_files

packages:
- completed:
    subdir: .
    cabal-file:
      size: 4203
      sha256: d4e7b0083e73a40ab764f6c4987b2291cbeac9a220910926da9cc1f7f0a94228
    name: mgenv
    version: 0.1.0.0
    git: https://bitbucket.org/ecoenergy/mgenv
    pantry-tree:
      size: 2393
      sha256: 06647bd62b8fe7bd3affa3ab14789d6c090309359ab9fef44e4f9a9801bb556c
    commit: 871ac22a55f61e809f68850d00f48f77077a194a
  original:
    subdir: .
    git: https://bitbucket.org/ecoenergy/mgenv
    commit: 871ac22a55f61e809f68850d00f48f77077a194a
- completed:
    subdir: inline
    cabal-file:
      size: 815
      sha256: d5d57292bfce1359b27af708ad985b12b777a85fdd8b4fd2325e4d4fa30b0009
    name: concat-inline
    version: 0.1.0.0
    git: https://github.com/conal/concat.git
    pantry-tree:
      size: 319
      sha256: 54fc1efd925d33e67eddaf121419ebd59f15b775c84d8e381a58832f17680fda
    commit: 6da06f44947ea8909fa3d60e94a238f7bc998bb6
  original:
    subdir: inline
    git: https://github.com/conal/concat.git
    commit: 6da06f44947ea8909fa3d60e94a238f7bc998bb6
- completed:
    subdir: known
    cabal-file:
      size: 745
      sha256: 178fc68696d689967156e319fd086dfaaad0b0ef71414603e019b80228775aac
    name: concat-known
    version: 0.1.0.0
    git: https://github.com/conal/concat.git
    pantry-tree:
      size: 168
      sha256: 32bfd2141c47e73bb9f7caea8866a62490913cea7c48eced10dc77f547cec134
    commit: 6da06f44947ea8909fa3d60e94a238f7bc998bb6
  original:
    subdir: known
    git: https://github.com/conal/concat.git
    commit: 6da06f44947ea8909fa3d60e94a238f7bc998bb6
- completed:
    subdir: satisfy
    cabal-file:
      size: 941
      sha256: 756cb8966beb6970cf86b6b07814f0c2009000b4b0f90504c7ae7b10d8b70176
    name: concat-satisfy
    version: 0.1.0.0
    git: https://github.com/conal/concat.git
    pantry-tree:
      size: 374
      sha256: d346aa66a7ac18fc3290c3fde3498a3511b86147686f152e5d1a1c25d8bc74fa
    commit: 6da06f44947ea8909fa3d60e94a238f7bc998bb6
  original:
    subdir: satisfy
    git: https://github.com/conal/concat.git
    commit: 6da06f44947ea8909fa3d60e94a238f7bc998bb6
- completed:
    subdir: classes
    cabal-file:
      size: 1941
      sha256: ba8ef15660f3b4ce2d8b7bb9f69dea7ba1bf1596ee2956ab8739d43768ee35dd
    name: concat-classes
    version: 0.3.0.0
    git: https://github.com/conal/concat.git
    pantry-tree:
      size: 1067
      sha256: d820c85a5ec00c4a88b07d32b739cc6e3e8242550120b088b5d81c56822bcfed
    commit: 6da06f44947ea8909fa3d60e94a238f7bc998bb6
  original:
    subdir: classes
    git: https://github.com/conal/concat.git
    commit: 6da06f44947ea8909fa3d60e94a238f7bc998bb6
- completed:
    subdir: plugin
    cabal-file:
      size: 1498
      sha256: fea0807ab4d665399239f22f7e46ee33121db53be27b698afc9a31aac6c59e25
    name: concat-plugin
    version: 0.3.0.0
    git: https://github.com/conal/concat.git
    pantry-tree:
      size: 460
      sha256: b94e28a01445292bf0d04caf4345da7f63570082c20796dadf19e132e231c21c
    commit: 6da06f44947ea8909fa3d60e94a238f7bc998bb6
  original:
    subdir: plugin
    git: https://github.com/conal/concat.git
    commit: 6da06f44947ea8909fa3d60e94a238f7bc998bb6
- completed:
    subdir: examples
    cabal-file:
      size: 8686
      sha256: e10acfb864b2d2c7f618fb4d38dbfa45ac67e199c6cc8d8c6556cd3bf4f80231
    name: concat-examples
    version: 0.3.0.0
    git: https://github.com/conal/concat.git
    pantry-tree:
      size: 9186
      sha256: 10807fd30c1406e08ac12950ebb6a21bcbaac8381764b74dac9165468383623d
    commit: 6da06f44947ea8909fa3d60e94a238f7bc998bb6
  original:
    subdir: examples
    git: https://github.com/conal/concat.git
    commit: 6da06f44947ea8909fa3d60e94a238f7bc998bb6
- completed:
    subdir: graphics
    cabal-file:
      size: 2620
      sha256: e02fce6b5e428dfe9590d4ae51c7cfaa8165f528ec19baea384d8fce58b7bb0c
    name: concat-graphics
    version: 0.1.0.0
    git: https://github.com/conal/concat.git
    pantry-tree:
      size: 641
      sha256: 9eaf49ce2586bfea4927f415ab3361e562009e2289a5fc3f5c2ea8eb61b56e8b
    commit: 6da06f44947ea8909fa3d60e94a238f7bc998bb6
  original:
    subdir: graphics
    git: https://github.com/conal/concat.git
    commit: 6da06f44947ea8909fa3d60e94a238f7bc998bb6
- completed:
    subdir: hardware
    cabal-file:
      size: 3232
      sha256: a61725d5c442c4999193b1dfcca02087b195b1c482962edaaf2cf30c67ff8679
    name: concat-hardware
    version: 0.1.0.0
    git: https://github.com/conal/concat.git
    pantry-tree:
      size: 500
      sha256: 5a6cd83d166111497d9068e76f929665d2f2081142a86f81f817fa5e69f2c203
    commit: 6da06f44947ea8909fa3d60e94a238f7bc998bb6
  original:
    subdir: hardware
    git: https://github.com/conal/concat.git
    commit: 6da06f44947ea8909fa3d60e94a238f7bc998bb6
- completed:
    subdir: .
    cabal-file:
      size: 9263
      sha256: 758401e0508351e67778975742b32162c046d4bc6895d88c9389d879c0afc7f4
    name: monad-bayes
    version: 0.1.0.0
    git: https://github.com/eco-energy/monad-bayes.git
    pantry-tree:
      size: 3138
      sha256: bc80e987256d9fe23e0b5e9f3e462be5a095f09d3d1375402595d962765c9b84
    commit: 8078cced02401f4c58f5fb15da6be8b71eb246ba
  original:
    subdir: .
    git: https://github.com/eco-energy/monad-bayes.git
    commit: 8078cced02401f4c58f5fb15da6be8b71eb246ba
- completed:
    hackage: amazonka-1.6.1@sha256:d863557379350ed6bbb91187abeb8c349a654f60b140d138710486f58ae7c476,3536
    pantry-tree:
      size: 992
      sha256: 55747f9b56063ea1be73a962e1ce44528b9856e119e2d9f1238397b3112b6e70
  original:
    hackage: amazonka-1.6.1@sha256:d863557379350ed6bbb91187abeb8c349a654f60b140d138710486f58ae7c476,3536
- completed:
    hackage: amazonka-iot-1.6.1@sha256:b15ae9efd7b35a8817a4578a68baa22202b42946381862053f68e1417a189ae4,8169
    pantry-tree:
      size: 28895
      sha256: 0c1fcf106fe18315888db330a380afbb841f2a769c3df75b89a3efefb95cd45b
  original:
    hackage: amazonka-iot-1.6.1@sha256:b15ae9efd7b35a8817a4578a68baa22202b42946381862053f68e1417a189ae4,8169
- completed:
    hackage: amazonka-core-1.6.1@sha256:9bc59ce403c6eeba3b3eaf3f10e5f0b6a33b6edbbf8f6de0dd6f4c67b86fa698,5135
    pantry-tree:
      size: 3438
      sha256: c13e643176308771491ec0e06390e269047bb1b28be4535992842f7426a95eb4
  original:
    hackage: amazonka-core-1.6.1@sha256:9bc59ce403c6eeba3b3eaf3f10e5f0b6a33b6edbbf8f6de0dd6f4c67b86fa698,5135
- completed:
    hackage: net-mqtt-0.6.2.1@sha256:c1966caaa2b3894f7075450543dcd1f8017db14d06edb927a4f756533bd74398,4131
    pantry-tree:
      size: 700
      sha256: 702147709852ce98ef5bfe0374f3a1ad9f247ac4724151525ca36505dbe70eb3
  original:
    hackage: net-mqtt-0.6.2.1@sha256:c1966caaa2b3894f7075450543dcd1f8017db14d06edb927a4f756533bd74398,4131
- completed:
    hackage: ulid-0.2.0.0@sha256:ac415298b0272479909ca576f4444862ae942ed85c7849fa0675e3bf496be6f3,2485
    pantry-tree:
      size: 671
      sha256: cb750f111e8126188ae3d16d870471acb86a522e73d55080e8c6dbb5221d7e75
  original:
    hackage: ulid-0.2.0.0@sha256:ac415298b0272479909ca576f4444862ae942ed85c7849fa0675e3bf496be6f3,2485
- completed:
    hackage: crockford-0.2@sha256:6ec593711a20bd4b81a0fc13f3d850d2d890690941d777230fbf980c483e434a,553
    pantry-tree:
      size: 269
      sha256: b99646e3fa78b1409ff9929f2756a28bfa7e65734289c4a97aadac55a041afe1
  original:
    hackage: crockford-0.2@sha256:6ec593711a20bd4b81a0fc13f3d850d2d890690941d777230fbf980c483e434a,553
- completed:
    hackage: cursor-0.2.0.0@sha256:9071e1029efc634bab63c8b3fd970bbd133475749ec918138a9e7304b0a7e696,1637
    pantry-tree:
      size: 1763
      sha256: 963258971691bfac8185139922d88d5d8a0b714a35d5ee788d95633f027d5160
  original:
    hackage: cursor-0.2.0.0@sha256:9071e1029efc634bab63c8b3fd970bbd133475749ec918138a9e7304b0a7e696,1637
- completed:
    hackage: estimator-1.2.0.0@sha256:44c85267299ea1e3eeb3e4eb9f317e4972563c84ba8220924c834a99b9048960,2424
    pantry-tree:
      size: 914
      sha256: 1668105b28027dd58fe688b80c92b75f091263fe5e704b3073b6b05fe707cc05
  original:
    hackage: estimator-1.2.0.0@sha256:44c85267299ea1e3eeb3e4eb9f317e4972563c84ba8220924c834a99b9048960,2424
- completed:
    hackage: stm-containers-1.1.0.4@sha256:f83a683357b6e3b1dda3e70d2077a37224ed534df1f74c4e11f3f6daa7945c5b,3248
    pantry-tree:
      size: 761
      sha256: 059c5a2d657d392aca0a887648f57380d6321734dc8879c056a44d4414308ac6
  original:
    hackage: stm-containers-1.1.0.4@sha256:f83a683357b6e3b1dda3e70d2077a37224ed534df1f74c4e11f3f6daa7945c5b,3248
- completed:
    hackage: stm-hamt-1.2.0.4@sha256:7957497c022554b7599e790696d1a3e56359ad99e5da36a251894c626ca1f60a,3970
    pantry-tree:
      size: 1009
      sha256: d9a8be48da86bd4a2ba9d52ea29b9a74f1b686d439ba1bbfba04ab1a002391da
  original:
    hackage: stm-hamt-1.2.0.4@sha256:7957497c022554b7599e790696d1a3e56359ad99e5da36a251894c626ca1f60a,3970
- completed:
    hackage: elminator-0.2.4.1@sha256:bea735d38084310f3e3809d645b141aefe3476d6470f71fb3721a23747024488,1541
    pantry-tree:
      size: 769
      sha256: f920dbbe3ba4d7b22bf142bcc96109d6ea91a6779a43b9b6e16e326a76039c6a
  original:
    hackage: elminator-0.2.4.1@sha256:bea735d38084310f3e3809d645b141aefe3476d6470f71fb3721a23747024488,1541
- completed:
    hackage: geodetics-0.1.0@sha256:699c10cd8d69222b125d054cdc8e2bcee7cb0558c78fa1b4fa06b2d3ecf29f5c,2387
    pantry-tree:
      size: 1086
      sha256: e1c0342b02b90ed50a0d6529084bc3938a12c6d8ad207248b17a3cdd1199381c
  original:
    hackage: geodetics-0.1.0@sha256:699c10cd8d69222b125d054cdc8e2bcee7cb0558c78fa1b4fa06b2d3ecf29f5c,2387
- completed:
    hackage: hgeometry-0.9.0.0@sha256:43043574d2ce39c543dfadb629ab3a41fe65d7bf68a1426d8d01312818bc6e4e,9702
    pantry-tree:
      size: 7938
      sha256: 12f4111632cb729bc0033a4091a660fe455a134ece285c6ca735945b9eaba3bc
  original:
    hackage: hgeometry-0.9.0.0@sha256:43043574d2ce39c543dfadb629ab3a41fe65d7bf68a1426d8d01312818bc6e4e,9702
- completed:
    hackage: hgeometry-combinatorial-0.9.0.0@sha256:a03b48302d8c542ff2ff90ba5d45f2742cc21ed1a676c8fa4870cd461a273354,7367
    pantry-tree:
      size: 3029
      sha256: 34db701f1428f1e64c58b0c1df02228c136f1c7b0321a832c9ba6800b8049078
  original:
    hackage: hgeometry-combinatorial-0.9.0.0@sha256:a03b48302d8c542ff2ff90ba5d45f2742cc21ed1a676c8fa4870cd461a273354,7367
snapshots:
- completed:
    size: 524799
    url: https://raw.githubusercontent.com/commercialhaskell/stackage-snapshots/master/lts/14/17.yaml
    sha256: 1d72b33c0fc048e23f4f18fd76a6ad79dd1d8a3c054644098a71a09855e40c7c
  original: lts-14.17
